
Microsoft Visual Studio Solution File, Format Version 12.00
# Visual Studio Version 16
VisualStudioVersion = 16.0.29613.14
MinimumVisualStudioVersion = 10.0.40219.1
Project("{FAE04EC0-301F-11D3-BF4B-00C04F79EFBC}") = "OnlineStudyWebAdmin", "OnlineStudyWebAdmin\OnlineStudyWebAdmin.csproj", "{729D0E5D-F1E8-46E1-9315-5CE343FF90C5}"
EndProject
Global
	GlobalSection(SolutionConfigurationPlatforms) = preSolution
		Debug|Any CPU = Debug|Any CPU
		Release|Any CPU = Release|Any CPU
	EndGlobalSection
	GlobalSection(ProjectConfigurationPlatforms) = postSolution
		{729D0E5D-F1E8-46E1-9315-5CE343FF90C5}.Debug|Any CPU.ActiveCfg = Debug|Any CPU
		{729D0E5D-F1E8-46E1-9315-5CE343FF90C5}.Debug|Any CPU.Build.0 = Debug|Any CPU
		{729D0E5D-F1E8-46E1-9315-5CE343FF90C5}.Release|Any CPU.ActiveCfg = Release|Any CPU
		{729D0E5D-F1E8-46E1-9315-5CE343FF90C5}.Release|Any CPU.Build.0 = Release|Any CPU
	EndGlobalSection
	GlobalSection(SolutionProperties) = preSolution
		HideSolutionNode = FALSE
	EndGlobalSection
	GlobalSection(ExtensibilityGlobals) = postSolution
		SolutionGuid = {1208CD93-6938-44A3-9DCF-DA252B660DA9}
	EndGlobalSection
EndGlobal
